
Microsoft Visual Studio Solution File, Format Version 12.00
# Visual Studio 2013
VisualStudioVersion = 12.0.40629.0
MinimumVisualStudioVersion = 10.0.40219.1
Project("{FAE04EC0-301F-11D3-BF4B-00C04F79EFBC}") = "WebForLink.Domain.Tests", "WebForLink.Tests\WebForLink.Domain.Tests.csproj", "{D8B05A6E-00B2-4060-B29B-C9F0F885AA0C}"
EndProject
Project("{2150E333-8FDC-42A3-9474-1A3956D46DE8}") = "Domain", "Domain", "{46ADB93B-E2F6-427E-8DC4-E721D5438EA0}"
EndProject
Project("{FAE04EC0-301F-11D3-BF4B-00C04F79EFBC}") = "WebForLink.Domain", "WebForLink.Domain\WebForLink.Domain.csproj", "{8EEBB05C-7792-42E7-9E44-5967E9715EC5}"
EndProject
Global
	GlobalSection(SolutionConfigurationPlatforms) = preSolution
		Debug|Any CPU = Debug|Any CPU
		Release|Any CPU = Release|Any CPU
	EndGlobalSection
	GlobalSection(ProjectConfigurationPlatforms) = postSolution
		{D8B05A6E-00B2-4060-B29B-C9F0F885AA0C}.Debug|Any CPU.ActiveCfg = Debug|Any CPU
		{D8B05A6E-00B2-4060-B29B-C9F0F885AA0C}.Debug|Any CPU.Build.0 = Debug|Any CPU
		{D8B05A6E-00B2-4060-B29B-C9F0F885AA0C}.Release|Any CPU.ActiveCfg = Release|Any CPU
		{D8B05A6E-00B2-4060-B29B-C9F0F885AA0C}.Release|Any CPU.Build.0 = Release|Any CPU
		{8EEBB05C-7792-42E7-9E44-5967E9715EC5}.Debug|Any CPU.ActiveCfg = Debug|Any CPU
		{8EEBB05C-7792-42E7-9E44-5967E9715EC5}.Debug|Any CPU.Build.0 = Debug|Any CPU
		{8EEBB05C-7792-42E7-9E44-5967E9715EC5}.Release|Any CPU.ActiveCfg = Release|Any CPU
		{8EEBB05C-7792-42E7-9E44-5967E9715EC5}.Release|Any CPU.Build.0 = Release|Any CPU
	EndGlobalSection
	GlobalSection(SolutionProperties) = preSolution
		HideSolutionNode = FALSE
	EndGlobalSection
	GlobalSection(NestedProjects) = preSolution
		{D8B05A6E-00B2-4060-B29B-C9F0F885AA0C} = {46ADB93B-E2F6-427E-8DC4-E721D5438EA0}
		{8EEBB05C-7792-42E7-9E44-5967E9715EC5} = {46ADB93B-E2F6-427E-8DC4-E721D5438EA0}
	EndGlobalSection
EndGlobal
